
Microsoft Visual Studio Solution File, Format Version 12.00
# Visual Studio Version 16
VisualStudioVersion = 16.0.30804.86
MinimumVisualStudioVersion = 10.0.40219.1
Project("{FAE04EC0-301F-11D3-BF4B-00C04F79EFBC}") = "DataRepository", "DataRepository\DataRepository.csproj", "{ACBB9E63-19C7-4A36-A953-B407569E50E4}"
EndProject
Project("{FAE04EC0-301F-11D3-BF4B-00C04F79EFBC}") = "ConsoleClient", "ConsoleClient\ConsoleClient.csproj", "{4074AE93-3395-4D63-A288-FCC8A12FBECD}"
EndProject
Global
	GlobalSection(SolutionConfigurationPlatforms) = preSolution
		Debug|Any CPU = Debug|Any CPU
		Release|Any CPU = Release|Any CPU
	EndGlobalSection
	GlobalSection(ProjectConfigurationPlatforms) = postSolution
		{ACBB9E63-19C7-4A36-A953-B407569E50E4}.Debug|Any CPU.ActiveCfg = Debug|Any CPU
		{ACBB9E63-19C7-4A36-A953-B407569E50E4}.Debug|Any CPU.Build.0 = Debug|Any CPU
		{ACBB9E63-19C7-4A36-A953-B407569E50E4}.Release|Any CPU.ActiveCfg = Release|Any CPU
		{ACBB9E63-19C7-4A36-A953-B407569E50E4}.Release|Any CPU.Build.0 = Release|Any CPU
		{4074AE93-3395-4D63-A288-FCC8A12FBECD}.Debug|Any CPU.ActiveCfg = Debug|Any CPU
		{4074AE93-3395-4D63-A288-FCC8A12FBECD}.Debug|Any CPU.Build.0 = Debug|Any CPU
		{4074AE93-3395-4D63-A288-FCC8A12FBECD}.Release|Any CPU.ActiveCfg = Release|Any CPU
		{4074AE93-3395-4D63-A288-FCC8A12FBECD}.Release|Any CPU.Build.0 = Release|Any CPU
	EndGlobalSection
	GlobalSection(SolutionProperties) = preSolution
		HideSolutionNode = FALSE
	EndGlobalSection
	GlobalSection(ExtensibilityGlobals) = postSolution
		SolutionGuid = {3FF3CBAF-8C86-45C3-A9EB-9BB19695B421}
	EndGlobalSection
EndGlobal
